
Microsoft Visual Studio Solution File, Format Version 12.00
# Visual Studio Version 16
VisualStudioVersion = 16.0.30413.136
MinimumVisualStudioVersion = 10.0.40219.1
Project("{8BC9CEB8-8B4A-11D0-8D11-00A0C91BC942}") = "directed weighted graph", "directed weighted graph\directed weighted graph.vcxproj", "{8FE51DC5-D702-4AC6-BE5B-987688794B9A}"
EndProject
Project("{8BC9CEB8-8B4A-11D0-8D11-00A0C91BC942}") = "Sample-Test1", "Sample-Test1\Sample-Test1.vcxproj", "{B65D969D-532F-4F16-BBD3-D5C1ED56ECF0}"
EndProject
Global
	GlobalSection(SolutionConfigurationPlatforms) = preSolution
		Debug|x64 = Debug|x64
		Debug|x86 = Debug|x86
		Release|x64 = Release|x64
		Release|x86 = Release|x86
	EndGlobalSection
	GlobalSection(ProjectConfigurationPlatforms) = postSolution
		{8FE51DC5-D702-4AC6-BE5B-987688794B9A}.Debug|x64.ActiveCfg = Debug|x64
		{8FE51DC5-D702-4AC6-BE5B-987688794B9A}.Debug|x64.Build.0 = Debug|x64
		{8FE51DC5-D702-4AC6-BE5B-987688794B9A}.Debug|x86.ActiveCfg = Debug|Win32
		{8FE51DC5-D702-4AC6-BE5B-987688794B9A}.Debug|x86.Build.0 = Debug|Win32
		{8FE51DC5-D702-4AC6-BE5B-987688794B9A}.Release|x64.ActiveCfg = Release|x64
		{8FE51DC5-D702-4AC6-BE5B-987688794B9A}.Release|x64.Build.0 = Release|x64
		{8FE51DC5-D702-4AC6-BE5B-987688794B9A}.Release|x86.ActiveCfg = Release|Win32
		{8FE51DC5-D702-4AC6-BE5B-987688794B9A}.Release|x86.Build.0 = Release|Win32
		{B65D969D-532F-4F16-BBD3-D5C1ED56ECF0}.Debug|x64.ActiveCfg = Debug|x64
		{B65D969D-532F-4F16-BBD3-D5C1ED56ECF0}.Debug|x64.Build.0 = Debug|x64
		{B65D969D-532F-4F16-BBD3-D5C1ED56ECF0}.Debug|x86.ActiveCfg = Debug|Win32
		{B65D969D-532F-4F16-BBD3-D5C1ED56ECF0}.Debug|x86.Build.0 = Debug|Win32
		{B65D969D-532F-4F16-BBD3-D5C1ED56ECF0}.Release|x64.ActiveCfg = Release|x64
		{B65D969D-532F-4F16-BBD3-D5C1ED56ECF0}.Release|x64.Build.0 = Release|x64
		{B65D969D-532F-4F16-BBD3-D5C1ED56ECF0}.Release|x86.ActiveCfg = Release|Win32
		{B65D969D-532F-4F16-BBD3-D5C1ED56ECF0}.Release|x86.Build.0 = Release|Win32
	EndGlobalSection
	GlobalSection(SolutionProperties) = preSolution
		HideSolutionNode = FALSE
	EndGlobalSection
	GlobalSection(ExtensibilityGlobals) = postSolution
		SolutionGuid = {215D2C44-D36B-4620-BCE9-A57B3AC07D22}
	EndGlobalSection
EndGlobal
